
Microsoft Visual Studio Solution File, Format Version 12.00
# Visual Studio Version 17
VisualStudioVersion = 17.0.31903.59
MinimumVisualStudioVersion = 10.0.40219.1
Project("{FAE04EC0-301F-11D3-BF4B-00C04F79EFBC}") = "PetSitting.Api", "PetSitting.Api\PetSitting.Api.csproj", "{2EABAF62-F62B-4419-A2D6-AA91D3BB19FA}"
EndProject
Project("{FAE04EC0-301F-11D3-BF4B-00C04F79EFBC}") = "PetSitting.Application", "PetSitting.Application\PetSitting.Application.csproj", "{364690BA-7AF4-4887-9164-8024B713240B}"
EndProject
Project("{FAE04EC0-301F-11D3-BF4B-00C04F79EFBC}") = "PetSitting.Domain", "PetSitting.Domain\PetSitting.Domain.csproj", "{6005452F-CFDD-47AA-A10F-3C9BB084C3FD}"
EndProject
Project("{FAE04EC0-301F-11D3-BF4B-00C04F79EFBC}") = "PetSitting.Infrastructure", "PetSitting.Infrastructure\PetSitting.Infrastructure.csproj", "{43843A6D-F07D-44B5-8730-5D5A01DAE4ED}"
EndProject
Global
	GlobalSection(SolutionConfigurationPlatforms) = preSolution
		Debug|Any CPU = Debug|Any CPU
		Release|Any CPU = Release|Any CPU
	EndGlobalSection
	GlobalSection(SolutionProperties) = preSolution
		HideSolutionNode = FALSE
	EndGlobalSection
	GlobalSection(ProjectConfigurationPlatforms) = postSolution
		{2EABAF62-F62B-4419-A2D6-AA91D3BB19FA}.Debug|Any CPU.ActiveCfg = Debug|Any CPU
		{2EABAF62-F62B-4419-A2D6-AA91D3BB19FA}.Debug|Any CPU.Build.0 = Debug|Any CPU
		{2EABAF62-F62B-4419-A2D6-AA91D3BB19FA}.Release|Any CPU.ActiveCfg = Release|Any CPU
		{2EABAF62-F62B-4419-A2D6-AA91D3BB19FA}.Release|Any CPU.Build.0 = Release|Any CPU
		{364690BA-7AF4-4887-9164-8024B713240B}.Debug|Any CPU.ActiveCfg = Debug|Any CPU
		{364690BA-7AF4-4887-9164-8024B713240B}.Debug|Any CPU.Build.0 = Debug|Any CPU
		{364690BA-7AF4-4887-9164-8024B713240B}.Release|Any CPU.ActiveCfg = Release|Any CPU
		{364690BA-7AF4-4887-9164-8024B713240B}.Release|Any CPU.Build.0 = Release|Any CPU
		{6005452F-CFDD-47AA-A10F-3C9BB084C3FD}.Debug|Any CPU.ActiveCfg = Debug|Any CPU
		{6005452F-CFDD-47AA-A10F-3C9BB084C3FD}.Debug|Any CPU.Build.0 = Debug|Any CPU
		{6005452F-CFDD-47AA-A10F-3C9BB084C3FD}.Release|Any CPU.ActiveCfg = Release|Any CPU
		{6005452F-CFDD-47AA-A10F-3C9BB084C3FD}.Release|Any CPU.Build.0 = Release|Any CPU
		{43843A6D-F07D-44B5-8730-5D5A01DAE4ED}.Debug|Any CPU.ActiveCfg = Debug|Any CPU
		{43843A6D-F07D-44B5-8730-5D5A01DAE4ED}.Debug|Any CPU.Build.0 = Debug|Any CPU
		{43843A6D-F07D-44B5-8730-5D5A01DAE4ED}.Release|Any CPU.ActiveCfg = Release|Any CPU
		{43843A6D-F07D-44B5-8730-5D5A01DAE4ED}.Release|Any CPU.Build.0 = Release|Any CPU
	EndGlobalSection
EndGlobal
